
Microsoft Visual Studio Solution File, Format Version 12.00
# Visual Studio 14
VisualStudioVersion = 14.0.25420.1
MinimumVisualStudioVersion = 10.0.40219.1
Project("{FAE04EC0-301F-11D3-BF4B-00C04F79EFBC}") = "DZ2zad1", "DZ2zad1\DZ2zad1.csproj", "{5152F2C4-9755-437E-977D-7C8D533EFFDB}"
EndProject
Project("{FAE04EC0-301F-11D3-BF4B-00C04F79EFBC}") = "DZ2zad(2)", "DZ2zad(2)\DZ2zad(2).csproj", "{05F16C6F-0ED4-4FFE-B76C-BC9FAA24D098}"
EndProject
Project("{FAE04EC0-301F-11D3-BF4B-00C04F79EFBC}") = "DZ2zad3", "DZ2zad3\DZ2zad3.csproj", "{CCC29E7E-3089-46CE-851F-142CF9DF1782}"
EndProject
Global
	GlobalSection(SolutionConfigurationPlatforms) = preSolution
		Debug|Any CPU = Debug|Any CPU
		Release|Any CPU = Release|Any CPU
	EndGlobalSection
	GlobalSection(ProjectConfigurationPlatforms) = postSolution
		{5152F2C4-9755-437E-977D-7C8D533EFFDB}.Debug|Any CPU.ActiveCfg = Debug|Any CPU
		{5152F2C4-9755-437E-977D-7C8D533EFFDB}.Debug|Any CPU.Build.0 = Debug|Any CPU
		{5152F2C4-9755-437E-977D-7C8D533EFFDB}.Release|Any CPU.ActiveCfg = Release|Any CPU
		{5152F2C4-9755-437E-977D-7C8D533EFFDB}.Release|Any CPU.Build.0 = Release|Any CPU
		{05F16C6F-0ED4-4FFE-B76C-BC9FAA24D098}.Debug|Any CPU.ActiveCfg = Debug|Any CPU
		{05F16C6F-0ED4-4FFE-B76C-BC9FAA24D098}.Debug|Any CPU.Build.0 = Debug|Any CPU
		{05F16C6F-0ED4-4FFE-B76C-BC9FAA24D098}.Release|Any CPU.ActiveCfg = Release|Any CPU
		{05F16C6F-0ED4-4FFE-B76C-BC9FAA24D098}.Release|Any CPU.Build.0 = Release|Any CPU
		{CCC29E7E-3089-46CE-851F-142CF9DF1782}.Debug|Any CPU.ActiveCfg = Debug|Any CPU
		{CCC29E7E-3089-46CE-851F-142CF9DF1782}.Debug|Any CPU.Build.0 = Debug|Any CPU
		{CCC29E7E-3089-46CE-851F-142CF9DF1782}.Release|Any CPU.ActiveCfg = Release|Any CPU
		{CCC29E7E-3089-46CE-851F-142CF9DF1782}.Release|Any CPU.Build.0 = Release|Any CPU
	EndGlobalSection
	GlobalSection(SolutionProperties) = preSolution
		HideSolutionNode = FALSE
	EndGlobalSection
EndGlobal
